lockfileVersion: '6.0'

settings:
  autoInstallPeers: true
  excludeLinksFromLockfile: false

dependencies:
  yaml:
    specifier: ^2.2.2
    version: 2.2.2

packages:

  /yaml@2.2.2:
    resolution: {integrity: sha512-CBKFWExMn46Foo4cldiChEzn7S7SRV+wqiluAb6xmueD/fGyRHIhX8m14vVGgeFWjN540nKCNVj6P21eQjgTuA==}
    engines: {node: '>= 14'}
    dev: false
